// !$*UTF8*$!
{
	archiveVersion = 1;
	classes = {
	};
	objectVersion = 55;
	objects = {

/* Begin PBXBuildFile section */
		D70EF3A0283D88D300E44785 /* GoodMorningV1App.swift in Sources */ = {isa = PBXBuildFile; fileRef = D70EF39F283D88D300E44785 /* GoodMorningV1App.swift */; };
		D70EF3A2283D88D300E44785 /* ContentView.swift in Sources */ = {isa = PBXBuildFile; fileRef = D70EF3A1283D88D300E44785 /* ContentView.swift */; };
		D70EF3A4283D88D400E44785 /* Assets.xcassets in Resources */ = {isa = PBXBuildFile; fileRef = D70EF3A3283D88D400E44785 /* Assets.xcassets */; };
		D70EF3A7283D88D400E44785 /* Preview Assets.xcassets in Resources */ = {isa = PBXBuildFile; fileRef = D70EF3A6283D88D400E44785 /* Preview Assets.xcassets */; };
		D70EF3B0283D892B00E44785 /* BackgroundView.swift in Sources */ = {isa = PBXBuildFile; fileRef = D70EF3AF283D892B00E44785 /* BackgroundView.swift */; };
		D70EF3B2283D8C3E00E44785 /* BackgroundState.swift in Sources */ = {isa = PBXBuildFile; fileRef = D70EF3B1283D8C3E00E44785 /* BackgroundState.swift */; };
		D70EF3B4283D9CBF00E44785 /* ForegroundView.swift in Sources */ = {isa = PBXBuildFile; fileRef = D70EF3B3283D9CBF00E44785 /* ForegroundView.swift */; };
		D70EF3B6283D9CE100E44785 /* ForegroundState.swift in Sources */ = {isa = PBXBuildFile; fileRef = D70EF3B5283D9CE100E44785 /* ForegroundState.swift */; };
		D70EF3B8283D9D9200E44785 /* TapToContinue.swift in Sources */ = {isa = PBXBuildFile; fileRef = D70EF3B7283D9D9200E44785 /* TapToContinue.swift */; };
/* End PBXBuildFile section */

/* Begin PBXFileReference section */
		D70EF39C283D88D300E44785 /* GoodMorningV1.app */ = {isa = PBXFileReference; explicitFileType = wrapper.application; includeInIndex = 0; path = GoodMorningV1.app; sourceTree = BUILT_PRODUCTS_DIR; };
		D70EF39F283D88D300E44785 /* GoodMorningV1App.swift */ = {isa = PBXFileReference; lastKnownFileType = sourcecode.swift; path = GoodMorningV1App.swift; sourceTree = "<group>"; };
		D70EF3A1283D88D300E44785 /* ContentView.swift */ = {isa = PBXFileReference; lastKnownFileType = sourcecode.swift; path = ContentView.swift; sourceTree = "<group>"; };
		D70EF3A3283D88D400E44785 /* Assets.xcassets */ = {isa = PBXFileReference; lastKnownFileType = folder.assetcatalog; path = Assets.xcassets; sourceTree = "<group>"; };
		D70EF3A6283D88D400E44785 /* Preview Assets.xcassets */ = {isa = PBXFileReference; lastKnownFileType = folder.assetcatalog; path = "Preview Assets.xcassets"; sourceTree = "<group>"; };
		D70EF3AF283D892B00E44785 /* BackgroundView.swift */ = {isa = PBXFileReference; lastKnownFileType = sourcecode.swift; path = BackgroundView.swift; sourceTree = "<group>"; };
		D70EF3B1283D8C3E00E44785 /* BackgroundState.swift */ = {isa = PBXFileReference; lastKnownFileType = sourcecode.swift; path = BackgroundState.swift; sourceTree = "<group>"; };
		D70EF3B3283D9CBF00E44785 /* ForegroundView.swift */ = {isa = PBXFileReference; lastKnownFileType = sourcecode.swift; path = ForegroundView.swift; sourceTree = "<group>"; };
		D70EF3B5283D9CE100E44785 /* ForegroundState.swift */ = {isa = PBXFileReference; lastKnownFileType = sourcecode.swift; path = ForegroundState.swift; sourceTree = "<group>"; };
		D70EF3B7283D9D9200E44785 /* TapToContinue.swift */ = {isa = PBXFileReference; lastKnownFileType = sourcecode.swift; path = TapToContinue.swift; sourceTree = "<group>"; };
/* End PBXFileReference section */

/* Begin PBXFrameworksBuildPhase section */
		D70EF399283D88D300E44785 /* Frameworks */ = {
			isa = PBXFrameworksBuildPhase;
			buildActionMask = 2147483647;
			files = (
			);
			runOnlyForDeploymentPostprocessing = 0;
		};
/* End PBXFrameworksBuildPhase section */

/* Begin PBXGroup section */
		D70EF393283D88D300E44785 = {
			isa = PBXGroup;
			children = (
				D70EF39E283D88D300E44785 /* GoodMorningV1 */,
				D70EF39D283D88D300E44785 /* Products */,
			);
			sourceTree = "<group>";
		};
		D70EF39D283D88D300E44785 /* Products */ = {
			isa = PBXGroup;
			children = (
				D70EF39C283D88D300E44785 /* GoodMorningV1.app */,
			);
			name = Products;
			sourceTree = "<group>";
		};
		D70EF39E283D88D300E44785 /* GoodMorningV1 */ = {
			isa = PBXGroup;
			children = (
				D70EF3AF283D892B00E44785 /* BackgroundView.swift */,
				D70EF3B1283D8C3E00E44785 /* BackgroundState.swift */,
				D70EF3B3283D9CBF00E44785 /* ForegroundView.swift */,
				D70EF3B7283D9D9200E44785 /* TapToContinue.swift */,
				D70EF3B5283D9CE100E44785 /* ForegroundState.swift */,
				D70EF39F283D88D300E44785 /* GoodMorningV1App.swift */,
				D70EF3A1283D88D300E44785 /* ContentView.swift */,
				D70EF3A3283D88D400E44785 /* Assets.xcassets */,
				D70EF3A5283D88D400E44785 /* Preview Content */,
			);
			path = GoodMorningV1;
			sourceTree = "<group>";
		};
		D70EF3A5283D88D400E44785 /* Preview Content */ = {
			isa = PBXGroup;
			children = (
				D70EF3A6283D88D400E44785 /* Preview Assets.xcassets */,
			);
			path = "Preview Content";
			sourceTree = "<group>";
		};
/* End PBXGroup section */

/* Begin PBXNativeTarget section */
		D70EF39B283D88D300E44785 /* GoodMorningV1 */ = {
			isa = PBXNativeTarget;
			buildConfigurationList = D70EF3AA283D88D400E44785 /* Build configuration list for PBXNativeTarget "GoodMorningV1" */;
			buildPhases = (
				D70EF398283D88D300E44785 /* Sources */,
				D70EF399283D88D300E44785 /* Frameworks */,
				D70EF39A283D88D300E44785 /* Resources */,
			);
			buildRules = (
			);
			dependencies = (
			);
			name = GoodMorningV1;
			productName = GoodMorningV1;
			productReference = D70EF39C283D88D300E44785 /* GoodMorningV1.app */;
			productType = "com.apple.product-type.application";
		};
/* End PBXNativeTarget section */

/* Begin PBXProject section */
		D70EF394283D88D300E44785 /* Project object */ = {
			isa = PBXProject;
			attributes = {
				BuildIndependentTargetsInParallel = 1;
				LastSwiftUpdateCheck = 1340;
				LastUpgradeCheck = 1340;
				TargetAttributes = {
					D70EF39B283D88D300E44785 = {
						CreatedOnToolsVersion = 13.4;
					};
				};
			};
			buildConfigurationList = D70EF397283D88D300E44785 /* Build configuration list for PBXProject "GoodMorningV1" */;
			compatibilityVersion = "Xcode 13.0";
			developmentRegion = en;
			hasScannedForEncodings = 0;
			knownRegions = (
				en,
				Base,
			);
			mainGroup = D70EF393283D88D300E44785;
			productRefGroup = D70EF39D283D88D300E44785 /* Products */;
			projectDirPath = "";
			projectRoot = "";
			targets = (
				D70EF39B283D88D300E44785 /* GoodMorningV1 */,
			);
		};
/* End PBXProject section */

/* Begin PBXResourcesBuildPhase section */
		D70EF39A283D88D300E44785 /* Resources */ = {
			isa = PBXResourcesBuildPhase;
			buildActionMask = 2147483647;
			files = (
				D70EF3A7283D88D400E44785 /* Preview Assets.xcassets in Resources */,
				D70EF3A4283D88D400E44785 /* Assets.xcassets in Resources */,
			);
			runOnlyForDeploymentPostprocessing = 0;
		};
/* End PBXResourcesBuildPhase section */

/* Begin PBXSourcesBuildPhase section */
		D70EF398283D88D300E44785 /* Sources */ = {
			isa = PBXSourcesBuildPhase;
			buildActionMask = 2147483647;
			files = (
				D70EF3B4283D9CBF00E44785 /* ForegroundView.swift in Sources */,
				D70EF3B0283D892B00E44785 /* BackgroundView.swift in Sources */,
				D70EF3B6283D9CE100E44785 /* ForegroundState.swift in Sources */,
				D70EF3B8283D9D9200E44785 /* TapToContinue.swift in Sources */,
				D70EF3B2283D8C3E00E44785 /* BackgroundState.swift in Sources */,
				D70EF3A2283D88D300E44785 /* ContentView.swift in Sources */,
				D70EF3A0283D88D300E44785 /* GoodMorningV1App.swift in Sources */,
			);
			runOnlyForDeploymentPostprocessing = 0;
		};
/* End PBXSourcesBuildPhase section */

/* Begin XCBuildConfiguration section */
		D70EF3A8283D88D400E44785 /* Debug */ = {
			isa = XCBuildConfiguration;
			buildSettings = {
				ALWAYS_SEARCH_USER_PATHS = NO;
				CLANG_ANALYZER_NONNULL = YES;
				CLANG_ANALYZER_NUMBER_OBJECT_CONVERSION = YES_AGGRESSIVE;
				CLANG_CXX_LANGUAGE_STANDARD = "gnu++17";
				CLANG_ENABLE_MODULES = YES;
				CLANG_ENABLE_OBJC_ARC = YES;
				CLANG_ENABLE_OBJC_WEAK = YES;
				CLANG_WARN_BLOCK_CAPTURE_AUTORELEASING = YES;
				CLANG_WARN_BOOL_CONVERSION = YES;
				CLANG_WARN_COMMA = YES;
				CLANG_WARN_CONSTANT_CONVERSION = YES;
				CLANG_WARN_DEPRECATED_OBJC_IMPLEMENTATIONS = YES;
				CLANG_WARN_DIRECT_OBJC_ISA_USAGE = YES_ERROR;
				CLANG_WARN_DOCUMENTATION_COMMENTS = YES;
				CLANG_WARN_EMPTY_BODY = YES;
				CLANG_WARN_ENUM_CONVERSION = YES;
				CLANG_WARN_INFINITE_RECURSION = YES;
				CLANG_WARN_INT_CONVERSION = YES;
				CLANG_WARN_NON_LITERAL_NULL_CONVERSION = YES;
				CLANG_WARN_OBJC_IMPLICIT_RETAIN_SELF = YES;
				CLANG_WARN_OBJC_LITERAL_CONVERSION = YES;
				CLANG_WARN_OBJC_ROOT_CLASS = YES_ERROR;
				CLANG_WARN_QUOTED_INCLUDE_IN_FRAMEWORK_HEADER = YES;
				CLANG_WARN_RANGE_LOOP_ANALYSIS = YES;
				CLANG_WARN_STRICT_PROTOTYPES = YES;
				CLANG_WARN_SUSPICIOUS_MOVE = YES;
				CLANG_WARN_UNGUARDED_AVAILABILITY = YES_AGGRESSIVE;
				CLANG_WARN_UNREACHABLE_CODE = YES;
				CLANG_WARN__DUPLICATE_METHOD_MATCH = YES;
				COPY_PHASE_STRIP = NO;
				DEBUG_INFORMATION_FORMAT = dwarf;
				ENABLE_STRICT_OBJC_MSGSEND = YES;
				ENABLE_TESTABILITY = YES;
				GCC_C_LANGUAGE_STANDARD = gnu11;
				GCC_DYNAMIC_NO_PIC = NO;
				GCC_NO_COMMON_BLOCKS = YES;
				GCC_OPTIMIZATION_LEVEL = 0;
				GCC_PREPROCESSOR_DEFINITIONS = (
					"DEBUG=1",
					"$(inherited)",
				);
				GCC_WARN_64_TO_32_BIT_CONVERSION = YES;
				GCC_WARN_ABOUT_RETURN_TYPE = YES_ERROR;
				GCC_WARN_UNDECLARED_SELECTOR = YES;
				GCC_WARN_UNINITIALIZED_AUTOS = YES_AGGRESSIVE;
				GCC_WARN_UNUSED_FUNCTION = YES;
				GCC_WARN_UNUSED_VARIABLE = YES;
				IPHONEOS_DEPLOYMENT_TARGET = 15.5;
				MTL_ENABLE_DEBUG_INFO = INCLUDE_SOURCE;
				MTL_FAST_MATH = YES;
				ONLY_ACTIVE_ARCH = YES;
				SDKROOT = iphoneos;
				SWIFT_ACTIVE_COMPILATION_CONDITIONS = DEBUG;
				SWIFT_OPTIMIZATION_LEVEL = "-Onone";
			};
			name = Debug;
		};
		D70EF3A9283D88D400E44785 /* Release */ = {
			isa = XCBuildConfiguration;
			buildSettings = {
				ALWAYS_SEARCH_USER_PATHS = NO;
				CLANG_ANALYZER_NONNULL = YES;
				CLANG_ANALYZER_NUMBER_OBJECT_CONVERSION = YES_AGGRESSIVE;
				CLANG_CXX_LANGUAGE_STANDARD = "gnu++17";
				CLANG_ENABLE_MODULES = YES;
				CLANG_ENABLE_OBJC_ARC = YES;
				CLANG_ENABLE_OBJC_WEAK = YES;
				CLANG_WARN_BLOCK_CAPTURE_AUTORELEASING = YES;
				CLANG_WARN_BOOL_CONVERSION = YES;
				CLANG_WARN_COMMA = YES;
				CLANG_WARN_CONSTANT_CONVERSION = YES;
				CLANG_WARN_DEPRECATED_OBJC_IMPLEMENTATIONS = YES;
				CLANG_WARN_DIRECT_OBJC_ISA_USAGE = YES_ERROR;
				CLANG_WARN_DOCUMENTATION_COMMENTS = YES;
				CLANG_WARN_EMPTY_BODY = YES;
				CLANG_WARN_ENUM_CONVERSION = YES;
				CLANG_WARN_INFINITE_RECURSION = YES;
				CLANG_WARN_INT_CONVERSION = YES;
				CLANG_WARN_NON_LITERAL_NULL_CONVERSION = YES;
				CLANG_WARN_OBJC_IMPLICIT_RETAIN_SELF = YES;
				CLANG_WARN_OBJC_LITERAL_CONVERSION = YES;
				CLANG_WARN_OBJC_ROOT_CLASS = YES_ERROR;
				CLANG_WARN_QUOTED_INCLUDE_IN_FRAMEWORK_HEADER = YES;
				CLANG_WARN_RANGE_LOOP_ANALYSIS = YES;
				CLANG_WARN_STRICT_PROTOTYPES = YES;
				CLANG_WARN_SUSPICIOUS_MOVE = YES;
				CLANG_WARN_UNGUARDED_AVAILABILITY = YES_AGGRESSIVE;
				CLANG_WARN_UNREACHABLE_CODE = YES;
				CLANG_WARN__DUPLICATE_METHOD_MATCH = YES;
				COPY_PHASE_STRIP = NO;
				DEBUG_INFORMATION_FORMAT = "dwarf-with-dsym";
				ENABLE_NS_ASSERTIONS = NO;
				ENABLE_STRICT_OBJC_MSGSEND = YES;
				GCC_C_LANGUAGE_STANDARD = gnu11;
				GCC_NO_COMMON_BLOCKS = YES;
				GCC_WARN_64_TO_32_BIT_CONVERSION = YES;
				GCC_WARN_ABOUT_RETURN_TYPE = YES_ERROR;
				GCC_WARN_UNDECLARED_SELECTOR = YES;
				GCC_WARN_UNINITIALIZED_AUTOS = YES_AGGRESSIVE;
				GCC_WARN_UNUSED_FUNCTION = YES;
				GCC_WARN_UNUSED_VARIABLE = YES;
				IPHONEOS_DEPLOYMENT_TARGET = 15.5;
				MTL_ENABLE_DEBUG_INFO = NO;
				MTL_FAST_MATH = YES;
				SDKROOT = iphoneos;
				SWIFT_COMPILATION_MODE = wholemodule;
				SWIFT_OPTIMIZATION_LEVEL = "-O";
				VALIDATE_PRODUCT = YES;
			};
			name = Release;
		};
		D70EF3AB283D88D400E44785 /* Debug */ = {
			isa = XCBuildConfiguration;
			buildSettings = {
				ASSETCATALOG_COMPILER_APPICON_NAME = AppIcon;
				ASSETCATALOG_COMPILER_GLOBAL_ACCENT_COLOR_NAME = AccentColor;
				CODE_SIGN_STYLE = Automatic;
				CURRENT_PROJECT_VERSION = 1;
				DEVELOPMENT_ASSET_PATHS = "\"GoodMorningV1/Preview Content\"";
				DEVELOPMENT_TEAM = R66U9C3L4Y;
				ENABLE_PREVIEWS = YES;
				GENERATE_INFOPLIST_FILE = YES;
				INFOPLIST_KEY_UIApplicationSceneManifest_Generation = YES;
				INFOPLIST_KEY_UIApplicationSupportsIndirectInputEvents = YES;
				INFOPLIST_KEY_UILaunchScreen_Generation = YES;
				INFOPLIST_KEY_UISupportedInterfaceOrientations_iPad = "UIInterfaceOrientationPortrait UIInterfaceOrientationPortraitUpsideDown UIInterfaceOrientationLandscapeLeft UIInterfaceOrientationLandscapeRight";
				INFOPLIST_KEY_UISupportedInterfaceOrientations_iPhone = "UIInterfaceOrientationPortrait UIInterfaceOrientationLandscapeLeft UIInterfaceOrientationLandscapeRight";
				LD_RUNPATH_SEARCH_PATHS = (
					"$(inherited)",
					"@executable_path/Frameworks",
				);
				MARKETING_VERSION = 1.0;
				PRODUCT_BUNDLE_IDENTIFIER = com.PhilippMergener.GoodMorningV1;
				PRODUCT_NAME = "$(TARGET_NAME)";
				SWIFT_EMIT_LOC_STRINGS = YES;
				SWIFT_VERSION = 5.0;
				TARGETED_DEVICE_FAMILY = "1,2";
			};
			name = Debug;
		};
		D70EF3AC283D88D400E44785 /* Release */ = {
			isa = XCBuildConfiguration;
			buildSettings = {
				ASSETCATALOG_COMPILER_APPICON_NAME = AppIcon;
				ASSETCATALOG_COMPILER_GLOBAL_ACCENT_COLOR_NAME = AccentColor;
				CODE_SIGN_STYLE = Automatic;
				CURRENT_PROJECT_VERSION = 1;
				DEVELOPMENT_ASSET_PATHS = "\"GoodMorningV1/Preview Content\"";
				DEVELOPMENT_TEAM = R66U9C3L4Y;
				ENABLE_PREVIEWS = YES;
				GENERATE_INFOPLIST_FILE = YES;
				INFOPLIST_KEY_UIApplicationSceneManifest_Generation = YES;
				INFOPLIST_KEY_UIApplicationSupportsIndirectInputEvents = YES;
				INFOPLIST_KEY_UILaunchScreen_Generation = YES;
				INFOPLIST_KEY_UISupportedInterfaceOrientations_iPad = "UIInterfaceOrientationPortrait UIInterfaceOrientationPortraitUpsideDown UIInterfaceOrientationLandscapeLeft UIInterfaceOrientationLandscapeRight";
				INFOPLIST_KEY_UISupportedInterfaceOrientations_iPhone = "UIInterfaceOrientationPortrait UIInterfaceOrientationLandscapeLeft UIInterfaceOrientationLandscapeRight";
				LD_RUNPATH_SEARCH_PATHS = (
					"$(inherited)",
					"@executable_path/Frameworks",
				);
				MARKETING_VERSION = 1.0;
				PRODUCT_BUNDLE_IDENTIFIER = com.PhilippMergener.GoodMorningV1;
				PRODUCT_NAME = "$(TARGET_NAME)";
				SWIFT_EMIT_LOC_STRINGS = YES;
				SWIFT_VERSION = 5.0;
				TARGETED_DEVICE_FAMILY = "1,2";
			};
			name = Release;
		};
/* End XCBuildConfiguration section */

/* Begin XCConfigurationList section */
		D70EF397283D88D300E44785 /* Build configuration list for PBXProject "GoodMorningV1" */ = {
			isa = XCConfigurationList;
			buildConfigurations = (
				D70EF3A8283D88D400E44785 /* Debug */,
				D70EF3A9283D88D400E44785 /* Release */,
			);
			defaultConfigurationIsVisible = 0;
			defaultConfigurationName = Release;
		};
		D70EF3AA283D88D400E44785 /* Build configuration list for PBXNativeTarget "GoodMorningV1" */ = {
			isa = XCConfigurationList;
			buildConfigurations = (
				D70EF3AB283D88D400E44785 /* Debug */,
				D70EF3AC283D88D400E44785 /* Release */,
			);
			defaultConfigurationIsVisible = 0;
			defaultConfigurationName = Release;
		};
/* End XCConfigurationList section */
	};
	rootObject = D70EF394283D88D300E44785 /* Project object */;
}
